
Microsoft Visual Studio Solution File, Format Version 12.00
Project("{FAE04EC0-301F-11D3-BF4B-00C04F79EFBC}") = "EasyStock", "EasyStock\EasyStock.csproj", "{D2E3A9F7-A156-419E-A300-D6BF82B3DEFE}"
EndProject
Global
	GlobalSection(SolutionConfigurationPlatforms) = preSolution
		Debug|Any CPU = Debug|Any CPU
		Release|Any CPU = Release|Any CPU
	EndGlobalSection
	GlobalSection(ProjectConfigurationPlatforms) = postSolution
		{D2E3A9F7-A156-419E-A300-D6BF82B3DEFE}.Debug|Any CPU.ActiveCfg = Debug|Any CPU
		{D2E3A9F7-A156-419E-A300-D6BF82B3DEFE}.Debug|Any CPU.Build.0 = Debug|Any CPU
		{D2E3A9F7-A156-419E-A300-D6BF82B3DEFE}.Release|Any CPU.ActiveCfg = Release|Any CPU
		{D2E3A9F7-A156-419E-A300-D6BF82B3DEFE}.Release|Any CPU.Build.0 = Release|Any CPU
	EndGlobalSection
EndGlobal
